
Microsoft Visual Studio Solution File, Format Version 12.00
# Visual Studio 15
VisualStudioVersion = 15.0.26124.0
MinimumVisualStudioVersion = 15.0.26124.0
Project("{FAE04EC0-301F-11D3-BF4B-00C04F79EFBC}") = "01-hello-world", "01-hello-world\01-hello-world.csproj", "{857FEA87-3450-47C0-A4AB-B2C83F42D985}"
EndProject
Project("{FAE04EC0-301F-11D3-BF4B-00C04F79EFBC}") = "02-timestamp", "02-timestamp\02-timestamp.csproj", "{3D49C365-775D-47EA-B148-74F2612D8E68}"
EndProject
Project("{FAE04EC0-301F-11D3-BF4B-00C04F79EFBC}") = "03-sdl-clock", "03-sdl-clock\03-sdl-clock.csproj", "{7A8C1984-5CE3-421A-B497-4914DE693A0E}"
EndProject
Global
	GlobalSection(SolutionConfigurationPlatforms) = preSolution
		Debug|Any CPU = Debug|Any CPU
		Debug|x64 = Debug|x64
		Debug|x86 = Debug|x86
		Release|Any CPU = Release|Any CPU
		Release|x64 = Release|x64
		Release|x86 = Release|x86
	EndGlobalSection
	GlobalSection(SolutionProperties) = preSolution
		HideSolutionNode = FALSE
	EndGlobalSection
	GlobalSection(ProjectConfigurationPlatforms) = postSolution
		{857FEA87-3450-47C0-A4AB-B2C83F42D985}.Debug|Any CPU.ActiveCfg = Debug|Any CPU
		{857FEA87-3450-47C0-A4AB-B2C83F42D985}.Debug|Any CPU.Build.0 = Debug|Any CPU
		{857FEA87-3450-47C0-A4AB-B2C83F42D985}.Debug|x64.ActiveCfg = Debug|Any CPU
		{857FEA87-3450-47C0-A4AB-B2C83F42D985}.Debug|x64.Build.0 = Debug|Any CPU
		{857FEA87-3450-47C0-A4AB-B2C83F42D985}.Debug|x86.ActiveCfg = Debug|Any CPU
		{857FEA87-3450-47C0-A4AB-B2C83F42D985}.Debug|x86.Build.0 = Debug|Any CPU
		{857FEA87-3450-47C0-A4AB-B2C83F42D985}.Release|Any CPU.ActiveCfg = Release|Any CPU
		{857FEA87-3450-47C0-A4AB-B2C83F42D985}.Release|Any CPU.Build.0 = Release|Any CPU
		{857FEA87-3450-47C0-A4AB-B2C83F42D985}.Release|x64.ActiveCfg = Release|Any CPU
		{857FEA87-3450-47C0-A4AB-B2C83F42D985}.Release|x64.Build.0 = Release|Any CPU
		{857FEA87-3450-47C0-A4AB-B2C83F42D985}.Release|x86.ActiveCfg = Release|Any CPU
		{857FEA87-3450-47C0-A4AB-B2C83F42D985}.Release|x86.Build.0 = Release|Any CPU
		{3D49C365-775D-47EA-B148-74F2612D8E68}.Debug|Any CPU.ActiveCfg = Debug|Any CPU
		{3D49C365-775D-47EA-B148-74F2612D8E68}.Debug|Any CPU.Build.0 = Debug|Any CPU
		{3D49C365-775D-47EA-B148-74F2612D8E68}.Debug|x64.ActiveCfg = Debug|Any CPU
		{3D49C365-775D-47EA-B148-74F2612D8E68}.Debug|x64.Build.0 = Debug|Any CPU
		{3D49C365-775D-47EA-B148-74F2612D8E68}.Debug|x86.ActiveCfg = Debug|Any CPU
		{3D49C365-775D-47EA-B148-74F2612D8E68}.Debug|x86.Build.0 = Debug|Any CPU
		{3D49C365-775D-47EA-B148-74F2612D8E68}.Release|Any CPU.ActiveCfg = Release|Any CPU
		{3D49C365-775D-47EA-B148-74F2612D8E68}.Release|Any CPU.Build.0 = Release|Any CPU
		{3D49C365-775D-47EA-B148-74F2612D8E68}.Release|x64.ActiveCfg = Release|Any CPU
		{3D49C365-775D-47EA-B148-74F2612D8E68}.Release|x64.Build.0 = Release|Any CPU
		{3D49C365-775D-47EA-B148-74F2612D8E68}.Release|x86.ActiveCfg = Release|Any CPU
		{3D49C365-775D-47EA-B148-74F2612D8E68}.Release|x86.Build.0 = Release|Any CPU
		{7A8C1984-5CE3-421A-B497-4914DE693A0E}.Debug|Any CPU.ActiveCfg = Debug|Any CPU
		{7A8C1984-5CE3-421A-B497-4914DE693A0E}.Debug|Any CPU.Build.0 = Debug|Any CPU
		{7A8C1984-5CE3-421A-B497-4914DE693A0E}.Debug|x64.ActiveCfg = Debug|Any CPU
		{7A8C1984-5CE3-421A-B497-4914DE693A0E}.Debug|x64.Build.0 = Debug|Any CPU
		{7A8C1984-5CE3-421A-B497-4914DE693A0E}.Debug|x86.ActiveCfg = Debug|Any CPU
		{7A8C1984-5CE3-421A-B497-4914DE693A0E}.Debug|x86.Build.0 = Debug|Any CPU
		{7A8C1984-5CE3-421A-B497-4914DE693A0E}.Release|Any CPU.ActiveCfg = Release|Any CPU
		{7A8C1984-5CE3-421A-B497-4914DE693A0E}.Release|Any CPU.Build.0 = Release|Any CPU
		{7A8C1984-5CE3-421A-B497-4914DE693A0E}.Release|x64.ActiveCfg = Release|Any CPU
		{7A8C1984-5CE3-421A-B497-4914DE693A0E}.Release|x64.Build.0 = Release|Any CPU
		{7A8C1984-5CE3-421A-B497-4914DE693A0E}.Release|x86.ActiveCfg = Release|Any CPU
		{7A8C1984-5CE3-421A-B497-4914DE693A0E}.Release|x86.Build.0 = Release|Any CPU
	EndGlobalSection
EndGlobal
